
Microsoft Visual Studio Solution File, Format Version 12.00
# Visual Studio 15
VisualStudioVersion = 15.0.26730.12
MinimumVisualStudioVersion = 10.0.40219.1
Project("{FAE04EC0-301F-11D3-BF4B-00C04F79EFBC}") = "new ting", "new ting\new ting.csproj", "{79F74524-CA58-4C9D-B486-F4EC139B082A}"
EndProject
Global
	GlobalSection(SolutionConfigurationPlatforms) = preSolution
		Debug|Any CPU = Debug|Any CPU
		Release|Any CPU = Release|Any CPU
	EndGlobalSection
	GlobalSection(ProjectConfigurationPlatforms) = postSolution
		{79F74524-CA58-4C9D-B486-F4EC139B082A}.Debug|Any CPU.ActiveCfg = Debug|Any CPU
		{79F74524-CA58-4C9D-B486-F4EC139B082A}.Debug|Any CPU.Build.0 = Debug|Any CPU
		{79F74524-CA58-4C9D-B486-F4EC139B082A}.Release|Any CPU.ActiveCfg = Release|Any CPU
		{79F74524-CA58-4C9D-B486-F4EC139B082A}.Release|Any CPU.Build.0 = Release|Any CPU
	EndGlobalSection
	GlobalSection(SolutionProperties) = preSolution
		HideSolutionNode = FALSE
	EndGlobalSection
	GlobalSection(ExtensibilityGlobals) = postSolution
		SolutionGuid = {9140603B-73AF-4E04-8EB5-D52D8759FD7A}
	EndGlobalSection
EndGlobal
